// !$*UTF8*$!
{
	archiveVersion = 1;
	classes = {
	};
	objectVersion = 46;
	objects = {

/* Begin PBXBuildFile section */
		031C3B5E198CB7C8000DCD8C /* main.m in Sources */ = {isa = PBXBuildFile; fileRef = 031C3B5D198CB7C8000DCD8C /* main.m */; };
		031C3B61198CB7C8000DCD8C /* AppDelegate.m in Sources */ = {isa = PBXBuildFile; fileRef = 031C3B60198CB7C8000DCD8C /* AppDelegate.m */; };
		031C3B64198CB7C8000DCD8C /* ViewController.m in Sources */ = {isa = PBXBuildFile; fileRef = 031C3B63198CB7C8000DCD8C /* ViewController.m */; };
		031C3B67198CB7C8000DCD8C /* Main.storyboard in Resources */ = {isa = PBXBuildFile; fileRef = 031C3B65198CB7C8000DCD8C /* Main.storyboard */; };
		031C3B69198CB7C8000DCD8C /* Images.xcassets in Resources */ = {isa = PBXBuildFile; fileRef = 031C3B68198CB7C8000DCD8C /* Images.xcassets */; };
		031C3B75198CB7C8000DCD8C /* objective_c_basicsTests.m in Sources */ = {isa = PBXBuildFile; fileRef = 031C3B74198CB7C8000DCD8C /* objective_c_basicsTests.m */; };
/* End PBXBuildFile section */

/* Begin PBXContainerItemProxy section */
		031C3B6F198CB7C8000DCD8C /* PBXContainerItemProxy */ = {
			isa = PBXContainerItemProxy;
			containerPortal = 031C3B50198CB7C8000DCD8C /* Project object */;
			proxyType = 1;
			remoteGlobalIDString = 031C3B57198CB7C8000DCD8C;
			remoteInfo = "objective-c.basics";
		};
/* End PBXContainerItemProxy section */

/* Begin PBXFileReference section */
		031C3B58198CB7C8000DCD8C /* objective-c.basics.app */ = {isa = PBXFileReference; explicitFileType = wrapper.application; includeInIndex = 0; path = "objective-c.basics.app"; sourceTree = BUILT_PRODUCTS_DIR; };
		031C3B5C198CB7C8000DCD8C /* Info.plist */ = {isa = PBXFileReference; lastKnownFileType = text.plist.xml; path = Info.plist; sourceTree = "<group>"; };
		031C3B5D198CB7C8000DCD8C /* main.m */ = {isa = PBXFileReference; lastKnownFileType = sourcecode.c.objc; path = main.m; sourceTree = "<group>"; };
		031C3B5F198CB7C8000DCD8C /* AppDelegate.h */ = {isa = PBXFileReference; lastKnownFileType = sourcecode.c.h; path = AppDelegate.h; sourceTree = "<group>"; };
		031C3B60198CB7C8000DCD8C /* AppDelegate.m */ = {isa = PBXFileReference; lastKnownFileType = sourcecode.c.objc; path = AppDelegate.m; sourceTree = "<group>"; };
		031C3B62198CB7C8000DCD8C /* ViewController.h */ = {isa = PBXFileReference; lastKnownFileType = sourcecode.c.h; path = ViewController.h; sourceTree = "<group>"; };
		031C3B63198CB7C8000DCD8C /* ViewController.m */ = {isa = PBXFileReference; lastKnownFileType = sourcecode.c.objc; path = ViewController.m; sourceTree = "<group>"; };
		031C3B66198CB7C8000DCD8C /* Base */ = {isa = PBXFileReference; lastKnownFileType = file.storyboard; name = Base; path = Base.lproj/Main.storyboard; sourceTree = "<group>"; };
		031C3B68198CB7C8000DCD8C /* Images.xcassets */ = {isa = PBXFileReference; lastKnownFileType = folder.assetcatalog; path = Images.xcassets; sourceTree = "<group>"; };
		031C3B6E198CB7C8000DCD8C /* objective-c.basicsTests.xctest */ = {isa = PBXFileReference; explicitFileType = wrapper.cfbundle; includeInIndex = 0; path = "objective-c.basicsTests.xctest"; sourceTree = BUILT_PRODUCTS_DIR; };
		031C3B73198CB7C8000DCD8C /* Info.plist */ = {isa = PBXFileReference; lastKnownFileType = text.plist.xml; path = Info.plist; sourceTree = "<group>"; };
		031C3B74198CB7C8000DCD8C /* objective_c_basicsTests.m */ = {isa = PBXFileReference; lastKnownFileType = sourcecode.c.objc; path = objective_c_basicsTests.m; sourceTree = "<group>"; };
/* End PBXFileReference section */

/* Begin PBXFrameworksBuildPhase section */
		031C3B55198CB7C8000DCD8C /* Frameworks */ = {
			isa = PBXFrameworksBuildPhase;
			buildActionMask = 2147483647;
			files = (
			);
			runOnlyForDeploymentPostprocessing = 0;
		};
		031C3B6B198CB7C8000DCD8C /* Frameworks */ = {
			isa = PBXFrameworksBuildPhase;
			buildActionMask = 2147483647;
			files = (
			);
			runOnlyForDeploymentPostprocessing = 0;
		};
/* End PBXFrameworksBuildPhase section */

/* Begin PBXGroup section */
		031C3B4F198CB7C8000DCD8C = {
			isa = PBXGroup;
			children = (
				031C3B5A198CB7C8000DCD8C /* objective-c.basics */,
				031C3B71198CB7C8000DCD8C /* objective-c.basicsTests */,
				031C3B59198CB7C8000DCD8C /* Products */,
			);
			sourceTree = "<group>";
		};
		031C3B59198CB7C8000DCD8C /* Products */ = {
			isa = PBXGroup;
			children = (
				031C3B58198CB7C8000DCD8C /* objective-c.basics.app */,
				031C3B6E198CB7C8000DCD8C /* objective-c.basicsTests.xctest */,
			);
			name = Products;
			sourceTree = "<group>";
		};
		031C3B5A198CB7C8000DCD8C /* objective-c.basics */ = {
			isa = PBXGroup;
			children = (
				031C3B5F198CB7C8000DCD8C /* AppDelegate.h */,
				031C3B60198CB7C8000DCD8C /* AppDelegate.m */,
				031C3B62198CB7C8000DCD8C /* ViewController.h */,
				031C3B63198CB7C8000DCD8C /* ViewController.m */,
				031C3B65198CB7C8000DCD8C /* Main.storyboard */,
				031C3B68198CB7C8000DCD8C /* Images.xcassets */,
				031C3B5B198CB7C8000DCD8C /* Supporting Files */,
			);
			path = "objective-c.basics";
			sourceTree = "<group>";
		};
		031C3B5B198CB7C8000DCD8C /* Supporting Files */ = {
			isa = PBXGroup;
			children = (
				031C3B5C198CB7C8000DCD8C /* Info.plist */,
				031C3B5D198CB7C8000DCD8C /* main.m */,
			);
			name = "Supporting Files";
			sourceTree = "<group>";
		};
		031C3B71198CB7C8000DCD8C /* objective-c.basicsTests */ = {
			isa = PBXGroup;
			children = (
				031C3B74198CB7C8000DCD8C /* objective_c_basicsTests.m */,
				031C3B72198CB7C8000DCD8C /* Supporting Files */,
			);
			path = "objective-c.basicsTests";
			sourceTree = "<group>";
		};
		031C3B72198CB7C8000DCD8C /* Supporting Files */ = {
			isa = PBXGroup;
			children = (
				031C3B73198CB7C8000DCD8C /* Info.plist */,
			);
			name = "Supporting Files";
			sourceTree = "<group>";
		};
/* End PBXGroup section */

/* Begin PBXNativeTarget section */
		031C3B57198CB7C8000DCD8C /* objective-c.basics */ = {
			isa = PBXNativeTarget;
			buildConfigurationList = 031C3B78198CB7C8000DCD8C /* Build configuration list for PBXNativeTarget "objective-c.basics" */;
			buildPhases = (
				031C3B54198CB7C8000DCD8C /* Sources */,
				031C3B55198CB7C8000DCD8C /* Frameworks */,
				031C3B56198CB7C8000DCD8C /* Resources */,
			);
			buildRules = (
			);
			dependencies = (
			);
			name = "objective-c.basics";
			productName = "objective-c.basics";
			productReference = 031C3B58198CB7C8000DCD8C /* objective-c.basics.app */;
			productType = "com.apple.product-type.application";
		};
		031C3B6D198CB7C8000DCD8C /* objective-c.basicsTests */ = {
			isa = PBXNativeTarget;
			buildConfigurationList = 031C3B7B198CB7C8000DCD8C /* Build configuration list for PBXNativeTarget "objective-c.basicsTests" */;
			buildPhases = (
				031C3B6A198CB7C8000DCD8C /* Sources */,
				031C3B6B198CB7C8000DCD8C /* Frameworks */,
				031C3B6C198CB7C8000DCD8C /* Resources */,
			);
			buildRules = (
			);
			dependencies = (
				031C3B70198CB7C8000DCD8C /* PBXTargetDependency */,
			);
			name = "objective-c.basicsTests";
			productName = "objective-c.basicsTests";
			productReference = 031C3B6E198CB7C8000DCD8C /* objective-c.basicsTests.xctest */;
			productType = "com.apple.product-type.bundle.unit-test";
		};
/* End PBXNativeTarget section */

/* Begin PBXProject section */
		031C3B50198CB7C8000DCD8C /* Project object */ = {
			isa = PBXProject;
			attributes = {
				LastUpgradeCheck = 0600;
				ORGANIZATIONNAME = "Softbulous, LLC";
				TargetAttributes = {
					031C3B57198CB7C8000DCD8C = {
						CreatedOnToolsVersion = 6.0;
					};
					031C3B6D198CB7C8000DCD8C = {
						CreatedOnToolsVersion = 6.0;
						TestTargetID = 031C3B57198CB7C8000DCD8C;
					};
				};
			};
			buildConfigurationList = 031C3B53198CB7C8000DCD8C /* Build configuration list for PBXProject "objective-c.basics" */;
			compatibilityVersion = "Xcode 3.2";
			developmentRegion = English;
			hasScannedForEncodings = 0;
			knownRegions = (
				en,
				Base,
			);
			mainGroup = 031C3B4F198CB7C8000DCD8C;
			productRefGroup = 031C3B59198CB7C8000DCD8C /* Products */;
			projectDirPath = "";
			projectRoot = "";
			targets = (
				031C3B57198CB7C8000DCD8C /* objective-c.basics */,
				031C3B6D198CB7C8000DCD8C /* objective-c.basicsTests */,
			);
		};
/* End PBXProject section */

/* Begin PBXResourcesBuildPhase section */
		031C3B56198CB7C8000DCD8C /* Resources */ = {
			isa = PBXResourcesBuildPhase;
			buildActionMask = 2147483647;
			files = (
				031C3B67198CB7C8000DCD8C /* Main.storyboard in Resources */,
				031C3B69198CB7C8000DCD8C /* Images.xcassets in Resources */,
			);
			runOnlyForDeploymentPostprocessing = 0;
		};
		031C3B6C198CB7C8000DCD8C /* Resources */ = {
			isa = PBXResourcesBuildPhase;
			buildActionMask = 2147483647;
			files = (
			);
			runOnlyForDeploymentPostprocessing = 0;
		};
/* End PBXResourcesBuildPhase section */

/* Begin PBXSourcesBuildPhase section */
		031C3B54198CB7C8000DCD8C /* Sources */ = {
			isa = PBXSourcesBuildPhase;
			buildActionMask = 2147483647;
			files = (
				031C3B64198CB7C8000DCD8C /* ViewController.m in Sources */,
				031C3B61198CB7C8000DCD8C /* AppDelegate.m in Sources */,
				031C3B5E198CB7C8000DCD8C /* main.m in Sources */,
			);
			runOnlyForDeploymentPostprocessing = 0;
		};
		031C3B6A198CB7C8000DCD8C /* Sources */ = {
			isa = PBXSourcesBuildPhase;
			buildActionMask = 2147483647;
			files = (
				031C3B75198CB7C8000DCD8C /* objective_c_basicsTests.m in Sources */,
			);
			runOnlyForDeploymentPostprocessing = 0;
		};
/* End PBXSourcesBuildPhase section */

/* Begin PBXTargetDependency section */
		031C3B70198CB7C8000DCD8C /* PBXTargetDependency */ = {
			isa = PBXTargetDependency;
			target = 031C3B57198CB7C8000DCD8C /* objective-c.basics */;
			targetProxy = 031C3B6F198CB7C8000DCD8C /* PBXContainerItemProxy */;
		};
/* End PBXTargetDependency section */

/* Begin PBXVariantGroup section */
		031C3B65198CB7C8000DCD8C /* Main.storyboard */ = {
			isa = PBXVariantGroup;
			children = (
				031C3B66198CB7C8000DCD8C /* Base */,
			);
			name = Main.storyboard;
			sourceTree = "<group>";
		};
/* End PBXVariantGroup section */

/* Begin XCBuildConfiguration section */
		031C3B76198CB7C8000DCD8C /* Debug */ = {
			isa = XCBuildConfiguration;
			buildSettings = {
				ALWAYS_SEARCH_USER_PATHS = NO;
				CLANG_CXX_LANGUAGE_STANDARD = "gnu++0x";
				CLANG_CXX_LIBRARY = "libc++";
				CLANG_ENABLE_MODULES = YES;
				CLANG_ENABLE_OBJC_ARC = YES;
				CLANG_WARN_BOOL_CONVERSION = YES;
				CLANG_WARN_CONSTANT_CONVERSION = YES;
				CLANG_WARN_DIRECT_OBJC_ISA_USAGE = YES_ERROR;
				CLANG_WARN_EMPTY_BODY = YES;
				CLANG_WARN_ENUM_CONVERSION = YES;
				CLANG_WARN_INT_CONVERSION = YES;
				CLANG_WARN_OBJC_ROOT_CLASS = YES_ERROR;
				CLANG_WARN_UNREACHABLE_CODE = YES;
				CLANG_WARN__DUPLICATE_METHOD_MATCH = YES;
				"CODE_SIGN_IDENTITY[sdk=iphoneos*]" = "iPhone Developer";
				COPY_PHASE_STRIP = NO;
				ENABLE_STRICT_OBJC_MSGSEND = YES;
				GCC_C_LANGUAGE_STANDARD = gnu99;
				GCC_DYNAMIC_NO_PIC = NO;
				GCC_OPTIMIZATION_LEVEL = 0;
				GCC_PREPROCESSOR_DEFINITIONS = (
					"DEBUG=1",
					"$(inherited)",
				);
				GCC_SYMBOLS_PRIVATE_EXTERN = NO;
				GCC_WARN_64_TO_32_BIT_CONVERSION = YES;
				GCC_WARN_ABOUT_RETURN_TYPE = YES_ERROR;
				GCC_WARN_UNDECLARED_SELECTOR = YES;
				GCC_WARN_UNINITIALIZED_AUTOS = YES_AGGRESSIVE;
				GCC_WARN_UNUSED_FUNCTION = YES;
				GCC_WARN_UNUSED_VARIABLE = YES;
				IPHONEOS_DEPLOYMENT_TARGET = 8.0;
				METAL_ENABLE_DEBUG_INFO = YES;
				ONLY_ACTIVE_ARCH = YES;
				SDKROOT = iphoneos;
			};
			name = Debug;
		};
		031C3B77198CB7C8000DCD8C /* Release */ = {
			isa = XCBuildConfiguration;
			buildSettings = {
				ALWAYS_SEARCH_USER_PATHS = NO;
				CLANG_CXX_LANGUAGE_STANDARD = "gnu++0x";
				CLANG_CXX_LIBRARY = "libc++";
				CLANG_ENABLE_MODULES = YES;
				CLANG_ENABLE_OBJC_ARC = YES;
				CLANG_WARN_BOOL_CONVERSION = YES;
				CLANG_WARN_CONSTANT_CONVERSION = YES;
				CLANG_WARN_DIRECT_OBJC_ISA_USAGE = YES_ERROR;
				CLANG_WARN_EMPTY_BODY = YES;
				CLANG_WARN_ENUM_CONVERSION = YES;
				CLANG_WARN_INT_CONVERSION = YES;
				CLANG_WARN_OBJC_ROOT_CLASS = YES_ERROR;
				CLANG_WARN_UNREACHABLE_CODE = YES;
				CLANG_WARN__DUPLICATE_METHOD_MATCH = YES;
				"CODE_SIGN_IDENTITY[sdk=iphoneos*]" = "iPhone Developer";
				COPY_PHASE_STRIP = YES;
				ENABLE_NS_ASSERTIONS = NO;
				ENABLE_STRICT_OBJC_MSGSEND = YES;
				GCC_C_LANGUAGE_STANDARD = gnu99;
				GCC_WARN_64_TO_32_BIT_CONVERSION = YES;
				GCC_WARN_ABOUT_RETURN_TYPE = YES_ERROR;
				GCC_WARN_UNDECLARED_SELECTOR = YES;
				GCC_WARN_UNINITIALIZED_AUTOS = YES_AGGRESSIVE;
				GCC_WARN_UNUSED_FUNCTION = YES;
				GCC_WARN_UNUSED_VARIABLE = YES;
				IPHONEOS_DEPLOYMENT_TARGET = 8.0;
				METAL_ENABLE_DEBUG_INFO = NO;
				SDKROOT = iphoneos;
				VALIDATE_PRODUCT = YES;
			};
			name = Release;
		};
		031C3B79198CB7C8000DCD8C /* Debug */ = {
			isa = XCBuildConfiguration;
			buildSettings = {
				ASSETCATALOG_COMPILER_APPICON_NAME = AppIcon;
				ASSETCATALOG_COMPILER_LAUNCHIMAGE_NAME = LaunchImage;
				INFOPLIST_FILE = "objective-c.basics/Info.plist";
				LD_RUNPATH_SEARCH_PATHS = "$(inherited) @executable_path/Frameworks";
				PRODUCT_NAME = "$(TARGET_NAME)";
			};
			name = Debug;
		};
		031C3B7A198CB7C8000DCD8C /* Release */ = {
			isa = XCBuildConfiguration;
			buildSettings = {
				ASSETCATALOG_COMPILER_APPICON_NAME = AppIcon;
				ASSETCATALOG_COMPILER_LAUNCHIMAGE_NAME = LaunchImage;
				INFOPLIST_FILE = "objective-c.basics/Info.plist";
				LD_RUNPATH_SEARCH_PATHS = "$(inherited) @executable_path/Frameworks";
				PRODUCT_NAME = "$(TARGET_NAME)";
			};
			name = Release;
		};
		031C3B7C198CB7C8000DCD8C /* Debug */ = {
			isa = XCBuildConfiguration;
			buildSettings = {
				BUNDLE_LOADER = "$(BUILT_PRODUCTS_DIR)/objective-c.basics.app/objective-c.basics";
				FRAMEWORK_SEARCH_PATHS = (
					"$(SDKROOT)/Developer/Library/Frameworks",
					"$(inherited)",
				);
				GCC_PREPROCESSOR_DEFINITIONS = (
					"DEBUG=1",
					"$(inherited)",
				);
				INFOPLIST_FILE = "objective-c.basicsTests/Info.plist";
				LD_RUNPATH_SEARCH_PATHS = "$(inherited) @executable_path/Frameworks @loader_path/Frameworks";
				METAL_ENABLE_DEBUG_INFO = YES;
				PRODUCT_NAME = "$(TARGET_NAME)";
				TEST_HOST = "$(BUNDLE_LOADER)";
			};
			name = Debug;
		};
		031C3B7D198CB7C8000DCD8C /* Release */ = {
			isa = XCBuildConfiguration;
			buildSettings = {
				BUNDLE_LOADER = "$(BUILT_PRODUCTS_DIR)/objective-c.basics.app/objective-c.basics";
				FRAMEWORK_SEARCH_PATHS = (
					"$(SDKROOT)/Developer/Library/Frameworks",
					"$(inherited)",
				);
				INFOPLIST_FILE = "objective-c.basicsTests/Info.plist";
				LD_RUNPATH_SEARCH_PATHS = "$(inherited) @executable_path/Frameworks @loader_path/Frameworks";
				METAL_ENABLE_DEBUG_INFO = NO;
				PRODUCT_NAME = "$(TARGET_NAME)";
				TEST_HOST = "$(BUNDLE_LOADER)";
			};
			name = Release;
		};
/* End XCBuildConfiguration section */

/* Begin XCConfigurationList section */
		031C3B53198CB7C8000DCD8C /* Build configuration list for PBXProject "objective-c.basics" */ = {
			isa = XCConfigurationList;
			buildConfigurations = (
				031C3B76198CB7C8000DCD8C /* Debug */,
				031C3B77198CB7C8000DCD8C /* Release */,
			);
			defaultConfigurationIsVisible = 0;
			defaultConfigurationName = Release;
		};
		031C3B78198CB7C8000DCD8C /* Build configuration list for PBXNativeTarget "objective-c.basics" */ = {
			isa = XCConfigurationList;
			buildConfigurations = (
				031C3B79198CB7C8000DCD8C /* Debug */,
				031C3B7A198CB7C8000DCD8C /* Release */,
			);
			defaultConfigurationIsVisible = 0;
		};
		031C3B7B198CB7C8000DCD8C /* Build configuration list for PBXNativeTarget "objective-c.basicsTests" */ = {
			isa = XCConfigurationList;
			buildConfigurations = (
				031C3B7C198CB7C8000DCD8C /* Debug */,
				031C3B7D198CB7C8000DCD8C /* Release */,
			);
			defaultConfigurationIsVisible = 0;
		};
/* End XCConfigurationList section */
	};
	rootObject = 031C3B50198CB7C8000DCD8C /* Project object */;
}
